
Microsoft Visual Studio Solution File, Format Version 12.00
# Visual Studio Version 17
VisualStudioVersion = 17.8.34525.116
MinimumVisualStudioVersion = 10.0.40219.1
Project("{FAE04EC0-301F-11D3-BF4B-00C04F79EFBC}") = "CV.Identity", "CV.Identity\CV.Identity.csproj", "{063C7362-6B2D-4599-8DC9-DE0A92D8C8DE}"
EndProject
Global
	GlobalSection(SolutionConfigurationPlatforms) = preSolution
		Debug|Any CPU = Debug|Any CPU
		Release|Any CPU = Release|Any CPU
	EndGlobalSection
	GlobalSection(ProjectConfigurationPlatforms) = postSolution
		{063C7362-6B2D-4599-8DC9-DE0A92D8C8DE}.Debug|Any CPU.ActiveCfg = Debug|Any CPU
		{063C7362-6B2D-4599-8DC9-DE0A92D8C8DE}.Debug|Any CPU.Build.0 = Debug|Any CPU
		{063C7362-6B2D-4599-8DC9-DE0A92D8C8DE}.Release|Any CPU.ActiveCfg = Release|Any CPU
		{063C7362-6B2D-4599-8DC9-DE0A92D8C8DE}.Release|Any CPU.Build.0 = Release|Any CPU
	EndGlobalSection
	GlobalSection(SolutionProperties) = preSolution
		HideSolutionNode = FALSE
	EndGlobalSection
	GlobalSection(ExtensibilityGlobals) = postSolution
		SolutionGuid = {75937212-6CF8-43DD-AD97-880A5549E399}
	EndGlobalSection
EndGlobal
