
Microsoft Visual Studio Solution File, Format Version 12.00
# Visual Studio Version 17
VisualStudioVersion = 17.8.34525.116
MinimumVisualStudioVersion = 10.0.40219.1
Project("{9A19103F-16F7-4668-BE54-9A1E7A4F7556}") = "CV.Identity", "CV.Identity\CV.Identity.csproj", "{063C7362-6B2D-4599-8DC9-DE0A92D8C8DE}"
EndProject
Project("{2150E333-8FDC-42A3-9474-1A3956D46DE8}") = "Solution Items", "Solution Items", "{E83C6A21-220C-4D57-B8B0-BBD546D31B6C}"
	ProjectSection(SolutionItems) = preProject
		.gitignore = .gitignore
	EndProjectSection
EndProject
Global
	GlobalSection(SolutionConfigurationPlatforms) = preSolution
		Debug|Any CPU = Debug|Any CPU
		Release|Any CPU = Release|Any CPU
	EndGlobalSection
	GlobalSection(ProjectConfigurationPlatforms) = postSolution
		{063C7362-6B2D-4599-8DC9-DE0A92D8C8DE}.Debug|Any CPU.ActiveCfg = Debug|Any CPU
		{063C7362-6B2D-4599-8DC9-DE0A92D8C8DE}.Debug|Any CPU.Build.0 = Debug|Any CPU
		{063C7362-6B2D-4599-8DC9-DE0A92D8C8DE}.Release|Any CPU.ActiveCfg = Release|Any CPU
		{063C7362-6B2D-4599-8DC9-DE0A92D8C8DE}.Release|Any CPU.Build.0 = Release|Any CPU
	EndGlobalSection
	GlobalSection(SolutionProperties) = preSolution
		HideSolutionNode = FALSE
	EndGlobalSection
	GlobalSection(ExtensibilityGlobals) = postSolution
		SolutionGuid = {75937212-6CF8-43DD-AD97-880A5549E399}
	EndGlobalSection
EndGlobal
